
Microsoft Visual Studio Solution File, Format Version 12.00
# Visual Studio Version 16
VisualStudioVersion = 16.0.31624.102
MinimumVisualStudioVersion = 10.0.40219.1
Project("{FAE04EC0-301F-11D3-BF4B-00C04F79EFBC}") = "StoreFilesByName", "StoreFilesByName\StoreFilesByName.csproj", "{46FE7CDC-20A3-4542-BFB2-D0EC254A31EB}"
EndProject
Global
	GlobalSection(SolutionConfigurationPlatforms) = preSolution
		Debug|Any CPU = Debug|Any CPU
		Release|Any CPU = Release|Any CPU
	EndGlobalSection
	GlobalSection(ProjectConfigurationPlatforms) = postSolution
		{46FE7CDC-20A3-4542-BFB2-D0EC254A31EB}.Debug|Any CPU.ActiveCfg = Debug|Any CPU
		{46FE7CDC-20A3-4542-BFB2-D0EC254A31EB}.Debug|Any CPU.Build.0 = Debug|Any CPU
		{46FE7CDC-20A3-4542-BFB2-D0EC254A31EB}.Release|Any CPU.ActiveCfg = Release|Any CPU
		{46FE7CDC-20A3-4542-BFB2-D0EC254A31EB}.Release|Any CPU.Build.0 = Release|Any CPU
	EndGlobalSection
	GlobalSection(SolutionProperties) = preSolution
		HideSolutionNode = FALSE
	EndGlobalSection
	GlobalSection(ExtensibilityGlobals) = postSolution
		SolutionGuid = {E226F4AA-A1B2-4585-8467-C167D6926BFC}
	EndGlobalSection
EndGlobal
